
Microsoft Visual Studio Solution File, Format Version 12.00
# Visual Studio 2013
VisualStudioVersion = 12.0.20930.1
MinimumVisualStudioVersion = 10.0.40219.1
Project("{2150E333-8FDC-42A3-9474-1A3956D46DE8}") = "Files", "Files", "{60E807F5-63E3-408D-BEB9-90DD42E56729}"
	ProjectSection(SolutionItems) = preProject
		GlobalAssemblyInfo.cs = GlobalAssemblyInfo.cs
	EndProjectSection
EndProject
Project("{2150E333-8FDC-42A3-9474-1A3956D46DE8}") = "Samples", "Samples", "{526CD474-49B3-4FDE-83F9-00FD2C612C44}"
EndProject
Project("{FAE04EC0-301F-11D3-BF4B-00C04F79EFBC}") = "XamlActions.WinRT", "XamlActions.WinRT\XamlActions.WinRT.csproj", "{47F32F18-18FC-4DA5-92D7-9C2968A1B747}"
EndProject
Project("{FAE04EC0-301F-11D3-BF4B-00C04F79EFBC}") = "XamlActions.Wp8", "XamlActions.Wp8\XamlActions.Wp8.csproj", "{F0E27FB2-CC37-4456-964B-40A0F93500D4}"
EndProject
Project("{FAE04EC0-301F-11D3-BF4B-00C04F79EFBC}") = "XamlActions", "XamlActions\XamlActions.csproj", "{CD06A259-7AFF-42A3-AADE-C896A4E423D1}"
EndProject
Project("{FAE04EC0-301F-11D3-BF4B-00C04F79EFBC}") = "XamlActions.Wp7", "XamlActions.Wp7\XamlActions.Wp7.csproj", "{3227F655-5656-4F73-A124-F3C4DCBE68F0}"
EndProject
Project("{E09DD79A-4488-4AB9-8D3F-A7EEE78BF432}") = "XamlActions.Nuget", "XamlActions.Nuget\XamlActions.Nuget.nuproj", "{C173B00A-94B2-4F30-8319-5BA5CE1B5C2A}"
	ProjectSection(ProjectDependencies) = postProject
		{47F32F18-18FC-4DA5-92D7-9C2968A1B747} = {47F32F18-18FC-4DA5-92D7-9C2968A1B747}
		{3227F655-5656-4F73-A124-F3C4DCBE68F0} = {3227F655-5656-4F73-A124-F3C4DCBE68F0}
		{CD06A259-7AFF-42A3-AADE-C896A4E423D1} = {CD06A259-7AFF-42A3-AADE-C896A4E423D1}
		{F0E27FB2-CC37-4456-964B-40A0F93500D4} = {F0E27FB2-CC37-4456-964B-40A0F93500D4}
	EndProjectSection
EndProject
Project("{FAE04EC0-301F-11D3-BF4B-00C04F79EFBC}") = "XamlActions.Tests", "XamlActions.Tests\XamlActions.Tests.csproj", "{855404C8-E74D-41E7-B0BE-80DFFD09018A}"
EndProject
Project("{FAE04EC0-301F-11D3-BF4B-00C04F79EFBC}") = "Sample.Wp8", "Sample.Wp8\Sample.Wp8.csproj", "{2448C6F5-B6D2-42C8-B4CA-0B8BF896B746}"
EndProject
Project("{FAE04EC0-301F-11D3-BF4B-00C04F79EFBC}") = "Sample.Common", "Sample.Common\Sample.Common.csproj", "{9D5DBA6B-1D26-4BFD-B60A-425983DBC446}"
EndProject
Project("{FAE04EC0-301F-11D3-BF4B-00C04F79EFBC}") = "Sample.Wp71", "Sample.Wp71\Sample.Wp71.csproj", "{B885B820-EEAC-48D8-88FF-9E21C2D5BC92}"
EndProject
Project("{FAE04EC0-301F-11D3-BF4B-00C04F79EFBC}") = "XamlActions.AccelerometerSimulator", "XamlActions.AccelerometerSimulator\XamlActions.AccelerometerSimulator.csproj", "{FB1C5BE7-F50C-4A6E-9DC7-EB0F52CB0E56}"
EndProject
Project("{2150E333-8FDC-42A3-9474-1A3956D46DE8}") = "AccelerometerSimulator", "AccelerometerSimulator", "{CE0BF35B-2667-4886-91EA-92FEE9EE0200}"
EndProject
Project("{E09DD79A-4488-4AB9-8D3F-A7EEE78BF432}") = "XamlActions.AccelerometerSimulator.Nuget", "XamlActions.AccelerometerSimulator.Nuget\XamlActions.AccelerometerSimulator.Nuget.nuproj", "{CDBAFB1E-495F-4C02-9ECC-EC2DBEDEDB09}"
EndProject
Global
	GlobalSection(SolutionConfigurationPlatforms) = preSolution
		Debug|Any CPU = Debug|Any CPU
		Debug|ARM = Debug|ARM
		Debug|x64 = Debug|x64
		Debug|x86 = Debug|x86
		Release|Any CPU = Release|Any CPU
		Release|ARM = Release|ARM
		Release|x64 = Release|x64
		Release|x86 = Release|x86
	EndGlobalSection
	GlobalSection(ProjectConfigurationPlatforms) = postSolution
		{47F32F18-18FC-4DA5-92D7-9C2968A1B747}.Debug|Any CPU.ActiveCfg = Debug|Any CPU
		{47F32F18-18FC-4DA5-92D7-9C2968A1B747}.Debug|Any CPU.Build.0 = Debug|Any CPU
		{47F32F18-18FC-4DA5-92D7-9C2968A1B747}.Debug|ARM.ActiveCfg = Debug|ARM
		{47F32F18-18FC-4DA5-92D7-9C2968A1B747}.Debug|ARM.Build.0 = Debug|ARM
		{47F32F18-18FC-4DA5-92D7-9C2968A1B747}.Debug|x64.ActiveCfg = Debug|x64
		{47F32F18-18FC-4DA5-92D7-9C2968A1B747}.Debug|x64.Build.0 = Debug|x64
		{47F32F18-18FC-4DA5-92D7-9C2968A1B747}.Debug|x86.ActiveCfg = Debug|x86
		{47F32F18-18FC-4DA5-92D7-9C2968A1B747}.Debug|x86.Build.0 = Debug|x86
		{47F32F18-18FC-4DA5-92D7-9C2968A1B747}.Release|Any CPU.ActiveCfg = Release|Any CPU
		{47F32F18-18FC-4DA5-92D7-9C2968A1B747}.Release|Any CPU.Build.0 = Release|Any CPU
		{47F32F18-18FC-4DA5-92D7-9C2968A1B747}.Release|ARM.ActiveCfg = Release|ARM
		{47F32F18-18FC-4DA5-92D7-9C2968A1B747}.Release|ARM.Build.0 = Release|ARM
		{47F32F18-18FC-4DA5-92D7-9C2968A1B747}.Release|x64.ActiveCfg = Release|x64
		{47F32F18-18FC-4DA5-92D7-9C2968A1B747}.Release|x64.Build.0 = Release|x64
		{47F32F18-18FC-4DA5-92D7-9C2968A1B747}.Release|x86.ActiveCfg = Release|x86
		{47F32F18-18FC-4DA5-92D7-9C2968A1B747}.Release|x86.Build.0 = Release|x86
		{F0E27FB2-CC37-4456-964B-40A0F93500D4}.Debug|Any CPU.ActiveCfg = Debug|Any CPU
		{F0E27FB2-CC37-4456-964B-40A0F93500D4}.Debug|Any CPU.Build.0 = Debug|Any CPU
		{F0E27FB2-CC37-4456-964B-40A0F93500D4}.Debug|ARM.ActiveCfg = Debug|ARM
		{F0E27FB2-CC37-4456-964B-40A0F93500D4}.Debug|ARM.Build.0 = Debug|ARM
		{F0E27FB2-CC37-4456-964B-40A0F93500D4}.Debug|x64.ActiveCfg = Debug|Any CPU
		{F0E27FB2-CC37-4456-964B-40A0F93500D4}.Debug|x86.ActiveCfg = Debug|x86
		{F0E27FB2-CC37-4456-964B-40A0F93500D4}.Debug|x86.Build.0 = Debug|x86
		{F0E27FB2-CC37-4456-964B-40A0F93500D4}.Release|Any CPU.ActiveCfg = Release|Any CPU
		{F0E27FB2-CC37-4456-964B-40A0F93500D4}.Release|Any CPU.Build.0 = Release|Any CPU
		{F0E27FB2-CC37-4456-964B-40A0F93500D4}.Release|ARM.ActiveCfg = Release|ARM
		{F0E27FB2-CC37-4456-964B-40A0F93500D4}.Release|ARM.Build.0 = Release|ARM
		{F0E27FB2-CC37-4456-964B-40A0F93500D4}.Release|x64.ActiveCfg = Release|Any CPU
		{F0E27FB2-CC37-4456-964B-40A0F93500D4}.Release|x86.ActiveCfg = Release|x86
		{F0E27FB2-CC37-4456-964B-40A0F93500D4}.Release|x86.Build.0 = Release|x86
		{CD06A259-7AFF-42A3-AADE-C896A4E423D1}.Debug|Any CPU.ActiveCfg = Debug|Any CPU
		{CD06A259-7AFF-42A3-AADE-C896A4E423D1}.Debug|Any CPU.Build.0 = Debug|Any CPU
		{CD06A259-7AFF-42A3-AADE-C896A4E423D1}.Debug|ARM.ActiveCfg = Debug|Any CPU
		{CD06A259-7AFF-42A3-AADE-C896A4E423D1}.Debug|x64.ActiveCfg = Debug|Any CPU
		{CD06A259-7AFF-42A3-AADE-C896A4E423D1}.Debug|x86.ActiveCfg = Debug|Any CPU
		{CD06A259-7AFF-42A3-AADE-C896A4E423D1}.Release|Any CPU.ActiveCfg = Release|Any CPU
		{CD06A259-7AFF-42A3-AADE-C896A4E423D1}.Release|Any CPU.Build.0 = Release|Any CPU
		{CD06A259-7AFF-42A3-AADE-C896A4E423D1}.Release|ARM.ActiveCfg = Release|Any CPU
		{CD06A259-7AFF-42A3-AADE-C896A4E423D1}.Release|x64.ActiveCfg = Release|Any CPU
		{CD06A259-7AFF-42A3-AADE-C896A4E423D1}.Release|x86.ActiveCfg = Release|Any CPU
		{3227F655-5656-4F73-A124-F3C4DCBE68F0}.Debug|Any CPU.ActiveCfg = Debug|Any CPU
		{3227F655-5656-4F73-A124-F3C4DCBE68F0}.Debug|Any CPU.Build.0 = Debug|Any CPU
		{3227F655-5656-4F73-A124-F3C4DCBE68F0}.Debug|ARM.ActiveCfg = Debug|Any CPU
		{3227F655-5656-4F73-A124-F3C4DCBE68F0}.Debug|x64.ActiveCfg = Debug|Any CPU
		{3227F655-5656-4F73-A124-F3C4DCBE68F0}.Debug|x86.ActiveCfg = Debug|Any CPU
		{3227F655-5656-4F73-A124-F3C4DCBE68F0}.Release|Any CPU.ActiveCfg = Release|Any CPU
		{3227F655-5656-4F73-A124-F3C4DCBE68F0}.Release|Any CPU.Build.0 = Release|Any CPU
		{3227F655-5656-4F73-A124-F3C4DCBE68F0}.Release|ARM.ActiveCfg = Release|Any CPU
		{3227F655-5656-4F73-A124-F3C4DCBE68F0}.Release|x64.ActiveCfg = Release|Any CPU
		{3227F655-5656-4F73-A124-F3C4DCBE68F0}.Release|x86.ActiveCfg = Release|Any CPU
		{C173B00A-94B2-4F30-8319-5BA5CE1B5C2A}.Debug|Any CPU.ActiveCfg = Debug|Any CPU
		{C173B00A-94B2-4F30-8319-5BA5CE1B5C2A}.Debug|Any CPU.Build.0 = Debug|Any CPU
		{C173B00A-94B2-4F30-8319-5BA5CE1B5C2A}.Debug|ARM.ActiveCfg = Debug|Any CPU
		{C173B00A-94B2-4F30-8319-5BA5CE1B5C2A}.Debug|x64.ActiveCfg = Debug|Any CPU
		{C173B00A-94B2-4F30-8319-5BA5CE1B5C2A}.Debug|x86.ActiveCfg = Debug|Any CPU
		{C173B00A-94B2-4F30-8319-5BA5CE1B5C2A}.Release|Any CPU.ActiveCfg = Release|Any CPU
		{C173B00A-94B2-4F30-8319-5BA5CE1B5C2A}.Release|Any CPU.Build.0 = Release|Any CPU
		{C173B00A-94B2-4F30-8319-5BA5CE1B5C2A}.Release|ARM.ActiveCfg = Release|Any CPU
		{C173B00A-94B2-4F30-8319-5BA5CE1B5C2A}.Release|x64.ActiveCfg = Release|Any CPU
		{C173B00A-94B2-4F30-8319-5BA5CE1B5C2A}.Release|x86.ActiveCfg = Release|Any CPU
		{855404C8-E74D-41E7-B0BE-80DFFD09018A}.Debug|Any CPU.ActiveCfg = Debug|Any CPU
		{855404C8-E74D-41E7-B0BE-80DFFD09018A}.Debug|Any CPU.Build.0 = Debug|Any CPU
		{855404C8-E74D-41E7-B0BE-80DFFD09018A}.Debug|ARM.ActiveCfg = Debug|Any CPU
		{855404C8-E74D-41E7-B0BE-80DFFD09018A}.Debug|x64.ActiveCfg = Debug|Any CPU
		{855404C8-E74D-41E7-B0BE-80DFFD09018A}.Debug|x86.ActiveCfg = Debug|Any CPU
		{855404C8-E74D-41E7-B0BE-80DFFD09018A}.Release|Any CPU.ActiveCfg = Release|Any CPU
		{855404C8-E74D-41E7-B0BE-80DFFD09018A}.Release|Any CPU.Build.0 = Release|Any CPU
		{855404C8-E74D-41E7-B0BE-80DFFD09018A}.Release|ARM.ActiveCfg = Release|Any CPU
		{855404C8-E74D-41E7-B0BE-80DFFD09018A}.Release|x64.ActiveCfg = Release|Any CPU
		{855404C8-E74D-41E7-B0BE-80DFFD09018A}.Release|x86.ActiveCfg = Release|Any CPU
		{2448C6F5-B6D2-42C8-B4CA-0B8BF896B746}.Debug|Any CPU.ActiveCfg = Debug|Any CPU
		{2448C6F5-B6D2-42C8-B4CA-0B8BF896B746}.Debug|Any CPU.Build.0 = Debug|Any CPU
		{2448C6F5-B6D2-42C8-B4CA-0B8BF896B746}.Debug|ARM.ActiveCfg = Debug|ARM
		{2448C6F5-B6D2-42C8-B4CA-0B8BF896B746}.Debug|ARM.Build.0 = Debug|ARM
		{2448C6F5-B6D2-42C8-B4CA-0B8BF896B746}.Debug|ARM.Deploy.0 = Debug|ARM
		{2448C6F5-B6D2-42C8-B4CA-0B8BF896B746}.Debug|x64.ActiveCfg = Debug|Any CPU
		{2448C6F5-B6D2-42C8-B4CA-0B8BF896B746}.Debug|x86.ActiveCfg = Debug|x86
		{2448C6F5-B6D2-42C8-B4CA-0B8BF896B746}.Debug|x86.Build.0 = Debug|x86
		{2448C6F5-B6D2-42C8-B4CA-0B8BF896B746}.Debug|x86.Deploy.0 = Debug|x86
		{2448C6F5-B6D2-42C8-B4CA-0B8BF896B746}.Release|Any CPU.ActiveCfg = Release|Any CPU
		{2448C6F5-B6D2-42C8-B4CA-0B8BF896B746}.Release|Any CPU.Build.0 = Release|Any CPU
		{2448C6F5-B6D2-42C8-B4CA-0B8BF896B746}.Release|Any CPU.Deploy.0 = Release|Any CPU
		{2448C6F5-B6D2-42C8-B4CA-0B8BF896B746}.Release|ARM.ActiveCfg = Release|ARM
		{2448C6F5-B6D2-42C8-B4CA-0B8BF896B746}.Release|ARM.Build.0 = Release|ARM
		{2448C6F5-B6D2-42C8-B4CA-0B8BF896B746}.Release|ARM.Deploy.0 = Release|ARM
		{2448C6F5-B6D2-42C8-B4CA-0B8BF896B746}.Release|x64.ActiveCfg = Release|Any CPU
		{2448C6F5-B6D2-42C8-B4CA-0B8BF896B746}.Release|x86.ActiveCfg = Release|x86
		{2448C6F5-B6D2-42C8-B4CA-0B8BF896B746}.Release|x86.Build.0 = Release|x86
		{2448C6F5-B6D2-42C8-B4CA-0B8BF896B746}.Release|x86.Deploy.0 = Release|x86
		{9D5DBA6B-1D26-4BFD-B60A-425983DBC446}.Debug|Any CPU.ActiveCfg = Debug|Any CPU
		{9D5DBA6B-1D26-4BFD-B60A-425983DBC446}.Debug|Any CPU.Build.0 = Debug|Any CPU
		{9D5DBA6B-1D26-4BFD-B60A-425983DBC446}.Debug|ARM.ActiveCfg = Debug|Any CPU
		{9D5DBA6B-1D26-4BFD-B60A-425983DBC446}.Debug|x64.ActiveCfg = Debug|Any CPU
		{9D5DBA6B-1D26-4BFD-B60A-425983DBC446}.Debug|x86.ActiveCfg = Debug|Any CPU
		{9D5DBA6B-1D26-4BFD-B60A-425983DBC446}.Release|Any CPU.ActiveCfg = Release|Any CPU
		{9D5DBA6B-1D26-4BFD-B60A-425983DBC446}.Release|Any CPU.Build.0 = Release|Any CPU
		{9D5DBA6B-1D26-4BFD-B60A-425983DBC446}.Release|ARM.ActiveCfg = Release|Any CPU
		{9D5DBA6B-1D26-4BFD-B60A-425983DBC446}.Release|x64.ActiveCfg = Release|Any CPU
		{9D5DBA6B-1D26-4BFD-B60A-425983DBC446}.Release|x86.ActiveCfg = Release|Any CPU
		{B885B820-EEAC-48D8-88FF-9E21C2D5BC92}.Debug|Any CPU.ActiveCfg = Debug|Any CPU
		{B885B820-EEAC-48D8-88FF-9E21C2D5BC92}.Debug|Any CPU.Build.0 = Debug|Any CPU
		{B885B820-EEAC-48D8-88FF-9E21C2D5BC92}.Debug|Any CPU.Deploy.0 = Debug|Any CPU
		{B885B820-EEAC-48D8-88FF-9E21C2D5BC92}.Debug|ARM.ActiveCfg = Debug|Any CPU
		{B885B820-EEAC-48D8-88FF-9E21C2D5BC92}.Debug|x64.ActiveCfg = Debug|Any CPU
		{B885B820-EEAC-48D8-88FF-9E21C2D5BC92}.Debug|x86.ActiveCfg = Debug|Any CPU
		{B885B820-EEAC-48D8-88FF-9E21C2D5BC92}.Release|Any CPU.ActiveCfg = Release|Any CPU
		{B885B820-EEAC-48D8-88FF-9E21C2D5BC92}.Release|Any CPU.Build.0 = Release|Any CPU
		{B885B820-EEAC-48D8-88FF-9E21C2D5BC92}.Release|Any CPU.Deploy.0 = Release|Any CPU
		{B885B820-EEAC-48D8-88FF-9E21C2D5BC92}.Release|ARM.ActiveCfg = Release|Any CPU
		{B885B820-EEAC-48D8-88FF-9E21C2D5BC92}.Release|x64.ActiveCfg = Release|Any CPU
		{B885B820-EEAC-48D8-88FF-9E21C2D5BC92}.Release|x86.ActiveCfg = Release|Any CPU
		{FB1C5BE7-F50C-4A6E-9DC7-EB0F52CB0E56}.Debug|Any CPU.ActiveCfg = Debug|Any CPU
		{FB1C5BE7-F50C-4A6E-9DC7-EB0F52CB0E56}.Debug|Any CPU.Build.0 = Debug|Any CPU
		{FB1C5BE7-F50C-4A6E-9DC7-EB0F52CB0E56}.Debug|Any CPU.Deploy.0 = Debug|Any CPU
		{FB1C5BE7-F50C-4A6E-9DC7-EB0F52CB0E56}.Debug|ARM.ActiveCfg = Debug|ARM
		{FB1C5BE7-F50C-4A6E-9DC7-EB0F52CB0E56}.Debug|ARM.Build.0 = Debug|ARM
		{FB1C5BE7-F50C-4A6E-9DC7-EB0F52CB0E56}.Debug|ARM.Deploy.0 = Debug|ARM
		{FB1C5BE7-F50C-4A6E-9DC7-EB0F52CB0E56}.Debug|x64.ActiveCfg = Debug|Any CPU
		{FB1C5BE7-F50C-4A6E-9DC7-EB0F52CB0E56}.Debug|x86.ActiveCfg = Debug|x86
		{FB1C5BE7-F50C-4A6E-9DC7-EB0F52CB0E56}.Debug|x86.Build.0 = Debug|x86
		{FB1C5BE7-F50C-4A6E-9DC7-EB0F52CB0E56}.Debug|x86.Deploy.0 = Debug|x86
		{FB1C5BE7-F50C-4A6E-9DC7-EB0F52CB0E56}.Release|Any CPU.ActiveCfg = Release|Any CPU
		{FB1C5BE7-F50C-4A6E-9DC7-EB0F52CB0E56}.Release|Any CPU.Build.0 = Release|Any CPU
		{FB1C5BE7-F50C-4A6E-9DC7-EB0F52CB0E56}.Release|Any CPU.Deploy.0 = Release|Any CPU
		{FB1C5BE7-F50C-4A6E-9DC7-EB0F52CB0E56}.Release|ARM.ActiveCfg = Release|ARM
		{FB1C5BE7-F50C-4A6E-9DC7-EB0F52CB0E56}.Release|ARM.Build.0 = Release|ARM
		{FB1C5BE7-F50C-4A6E-9DC7-EB0F52CB0E56}.Release|ARM.Deploy.0 = Release|ARM
		{FB1C5BE7-F50C-4A6E-9DC7-EB0F52CB0E56}.Release|x64.ActiveCfg = Release|Any CPU
		{FB1C5BE7-F50C-4A6E-9DC7-EB0F52CB0E56}.Release|x86.ActiveCfg = Release|x86
		{FB1C5BE7-F50C-4A6E-9DC7-EB0F52CB0E56}.Release|x86.Build.0 = Release|x86
		{FB1C5BE7-F50C-4A6E-9DC7-EB0F52CB0E56}.Release|x86.Deploy.0 = Release|x86
		{CDBAFB1E-495F-4C02-9ECC-EC2DBEDEDB09}.Debug|Any CPU.ActiveCfg = Debug|Any CPU
		{CDBAFB1E-495F-4C02-9ECC-EC2DBEDEDB09}.Debug|Any CPU.Build.0 = Debug|Any CPU
		{CDBAFB1E-495F-4C02-9ECC-EC2DBEDEDB09}.Debug|ARM.ActiveCfg = Debug|Any CPU
		{CDBAFB1E-495F-4C02-9ECC-EC2DBEDEDB09}.Debug|x64.ActiveCfg = Debug|Any CPU
		{CDBAFB1E-495F-4C02-9ECC-EC2DBEDEDB09}.Debug|x86.ActiveCfg = Debug|Any CPU
		{CDBAFB1E-495F-4C02-9ECC-EC2DBEDEDB09}.Release|Any CPU.ActiveCfg = Release|Any CPU
		{CDBAFB1E-495F-4C02-9ECC-EC2DBEDEDB09}.Release|Any CPU.Build.0 = Release|Any CPU
		{CDBAFB1E-495F-4C02-9ECC-EC2DBEDEDB09}.Release|ARM.ActiveCfg = Release|Any CPU
		{CDBAFB1E-495F-4C02-9ECC-EC2DBEDEDB09}.Release|x64.ActiveCfg = Release|Any CPU
		{CDBAFB1E-495F-4C02-9ECC-EC2DBEDEDB09}.Release|x86.ActiveCfg = Release|Any CPU
	EndGlobalSection
	GlobalSection(SolutionProperties) = preSolution
		HideSolutionNode = FALSE
	EndGlobalSection
	GlobalSection(NestedProjects) = preSolution
		{2448C6F5-B6D2-42C8-B4CA-0B8BF896B746} = {526CD474-49B3-4FDE-83F9-00FD2C612C44}
		{9D5DBA6B-1D26-4BFD-B60A-425983DBC446} = {526CD474-49B3-4FDE-83F9-00FD2C612C44}
		{B885B820-EEAC-48D8-88FF-9E21C2D5BC92} = {526CD474-49B3-4FDE-83F9-00FD2C612C44}
		{FB1C5BE7-F50C-4A6E-9DC7-EB0F52CB0E56} = {CE0BF35B-2667-4886-91EA-92FEE9EE0200}
		{CDBAFB1E-495F-4C02-9ECC-EC2DBEDEDB09} = {CE0BF35B-2667-4886-91EA-92FEE9EE0200}
	EndGlobalSection
EndGlobal
