
Microsoft Visual Studio Solution File, Format Version 12.00
# Visual Studio 2013
VisualStudioVersion = 12.0.30501.0
MinimumVisualStudioVersion = 10.0.40219.1
Project("{2150E333-8FDC-42A3-9474-1A3956D46DE8}") = "Files", "Files", "{60E807F5-63E3-408D-BEB9-90DD42E56729}"
	ProjectSection(SolutionItems) = preProject
		GlobalAssemblyInfo.cs = GlobalAssemblyInfo.cs
	EndProjectSection
EndProject
Project("{2150E333-8FDC-42A3-9474-1A3956D46DE8}") = "Samples", "Samples", "{526CD474-49B3-4FDE-83F9-00FD2C612C44}"
EndProject
Project("{FAE04EC0-301F-11D3-BF4B-00C04F79EFBC}") = "XamlActions.WinRT", "XamlActions.WinRT\XamlActions.WinRT.csproj", "{47F32F18-18FC-4DA5-92D7-9C2968A1B747}"
EndProject
Project("{FAE04EC0-301F-11D3-BF4B-00C04F79EFBC}") = "XamlActions.Wp8", "XamlActions.Wp8\XamlActions.Wp8.csproj", "{F0E27FB2-CC37-4456-964B-40A0F93500D4}"
EndProject
Project("{FAE04EC0-301F-11D3-BF4B-00C04F79EFBC}") = "XamlActions", "XamlActions\XamlActions.csproj", "{CD06A259-7AFF-42A3-AADE-C896A4E423D1}"
EndProject
Project("{E09DD79A-4488-4AB9-8D3F-A7EEE78BF432}") = "XamlActions.Nuget", "XamlActions.Nuget\XamlActions.Nuget.nuproj", "{C173B00A-94B2-4F30-8319-5BA5CE1B5C2A}"
	ProjectSection(ProjectDependencies) = postProject
		{47F32F18-18FC-4DA5-92D7-9C2968A1B747} = {47F32F18-18FC-4DA5-92D7-9C2968A1B747}
		{CD06A259-7AFF-42A3-AADE-C896A4E423D1} = {CD06A259-7AFF-42A3-AADE-C896A4E423D1}
		{F0E27FB2-CC37-4456-964B-40A0F93500D4} = {F0E27FB2-CC37-4456-964B-40A0F93500D4}
	EndProjectSection
EndProject
Project("{FAE04EC0-301F-11D3-BF4B-00C04F79EFBC}") = "XamlActions.Tests", "XamlActions.Tests\XamlActions.Tests.csproj", "{855404C8-E74D-41E7-B0BE-80DFFD09018A}"
EndProject
Project("{FAE04EC0-301F-11D3-BF4B-00C04F79EFBC}") = "Sample.Wp8", "Sample.Wp8\Sample.Wp8.csproj", "{2448C6F5-B6D2-42C8-B4CA-0B8BF896B746}"
EndProject
Project("{FAE04EC0-301F-11D3-BF4B-00C04F79EFBC}") = "Sample.Common", "Sample.Common\Sample.Common.csproj", "{9D5DBA6B-1D26-4BFD-B60A-425983DBC446}"
EndProject
Project("{FAE04EC0-301F-11D3-BF4B-00C04F79EFBC}") = "XamlActions.AccelerometerSimulator", "XamlActions.AccelerometerSimulator\XamlActions.AccelerometerSimulator.csproj", "{FB1C5BE7-F50C-4A6E-9DC7-EB0F52CB0E56}"
EndProject
Project("{2150E333-8FDC-42A3-9474-1A3956D46DE8}") = "AccelerometerSimulator", "AccelerometerSimulator", "{CE0BF35B-2667-4886-91EA-92FEE9EE0200}"
EndProject
Project("{E09DD79A-4488-4AB9-8D3F-A7EEE78BF432}") = "XamlActions.AccelerometerSimulator.Nuget", "XamlActions.AccelerometerSimulator.Nuget\XamlActions.AccelerometerSimulator.Nuget.nuproj", "{CDBAFB1E-495F-4C02-9ECC-EC2DBEDEDB09}"
EndProject
Project("{2150E333-8FDC-42A3-9474-1A3956D46DE8}") = "Info", "Info", "{7F2680E6-46DF-4661-8475-5A11B284327F}"
	ProjectSection(SolutionItems) = preProject
		README.md = README.md
	EndProjectSection
EndProject
Project("{FAE04EC0-301F-11D3-BF4B-00C04F79EFBC}") = "XamlActions.Wpf", "XamlActions.Wpf\XamlActions.Wpf.csproj", "{BA0870CA-906D-4BE1-B0C4-DD9633FE6996}"
EndProject
Project("{FAE04EC0-301F-11D3-BF4B-00C04F79EFBC}") = "Sample.Wpf", "Sample.Wpf\Sample.Wpf.csproj", "{4884AC83-CA37-4F08-AA72-465E5162218A}"
EndProject
Project("{FAE04EC0-301F-11D3-BF4B-00C04F79EFBC}") = "Sample.WinRt", "Sample.WinRt\Sample.WinRt.csproj", "{D852DCDD-B54B-499F-8DEC-EC35BA7BA57E}"
EndProject
Project("{2150E333-8FDC-42A3-9474-1A3956D46DE8}") = "Sample.Universal", "Sample.Universal", "{4D791E8A-5327-430C-AE20-3BE2AE366D63}"
EndProject
Project("{D954291E-2A0B-460D-934E-DC6B0785DB48}") = "Sample.Universal.Shared", "Sample.Universal\Sample.Universal.Shared\Sample.Universal.Shared.shproj", "{9D1CCF7B-3D1F-42EA-8408-0B87906083E9}"
EndProject
Project("{FAE04EC0-301F-11D3-BF4B-00C04F79EFBC}") = "Sample.Universal.Windows", "Sample.Universal\Sample.Universal.Windows\Sample.Universal.Windows.csproj", "{EB1D7A06-844C-4DF1-AF76-73FD66EA4FAA}"
EndProject
Project("{FAE04EC0-301F-11D3-BF4B-00C04F79EFBC}") = "Sample.Universal.WindowsPhone", "Sample.Universal\Sample.Universal.WindowsPhone\Sample.Universal.WindowsPhone.csproj", "{00FCB742-A5B0-4CFD-A008-D98FF6A3ECC5}"
EndProject
Project("{FAE04EC0-301F-11D3-BF4B-00C04F79EFBC}") = "XamlActions.Universal", "XamlActions.Universal\XamlActions.Universal.csproj", "{DBF23AF7-495D-46A7-BD1C-CCEAE1C4BE76}"
EndProject
Global
	GlobalSection(SharedMSBuildProjectFiles) = preSolution
		Sample.Universal\Sample.Universal.Shared\Sample.Universal.Shared.projitems*{9d1ccf7b-3d1f-42ea-8408-0b87906083e9}*SharedItemsImports = 13
		Sample.Universal\Sample.Universal.Shared\Sample.Universal.Shared.projitems*{eb1d7a06-844c-4df1-af76-73fd66ea4faa}*SharedItemsImports = 4
		Sample.Universal\Sample.Universal.Shared\Sample.Universal.Shared.projitems*{00fcb742-a5b0-4cfd-a008-d98ff6a3ecc5}*SharedItemsImports = 4
	EndGlobalSection
	GlobalSection(SolutionConfigurationPlatforms) = preSolution
		Debug|Any CPU = Debug|Any CPU
		Debug|ARM = Debug|ARM
		Debug|x64 = Debug|x64
		Debug|x86 = Debug|x86
		Release|Any CPU = Release|Any CPU
		Release|ARM = Release|ARM
		Release|x64 = Release|x64
		Release|x86 = Release|x86
	EndGlobalSection
	GlobalSection(ProjectConfigurationPlatforms) = postSolution
		{47F32F18-18FC-4DA5-92D7-9C2968A1B747}.Debug|Any CPU.ActiveCfg = Debug|Any CPU
		{47F32F18-18FC-4DA5-92D7-9C2968A1B747}.Debug|Any CPU.Build.0 = Debug|Any CPU
		{47F32F18-18FC-4DA5-92D7-9C2968A1B747}.Debug|ARM.ActiveCfg = Debug|ARM
		{47F32F18-18FC-4DA5-92D7-9C2968A1B747}.Debug|ARM.Build.0 = Debug|ARM
		{47F32F18-18FC-4DA5-92D7-9C2968A1B747}.Debug|x64.ActiveCfg = Debug|x64
		{47F32F18-18FC-4DA5-92D7-9C2968A1B747}.Debug|x64.Build.0 = Debug|x64
		{47F32F18-18FC-4DA5-92D7-9C2968A1B747}.Debug|x86.ActiveCfg = Debug|x86
		{47F32F18-18FC-4DA5-92D7-9C2968A1B747}.Debug|x86.Build.0 = Debug|x86
		{47F32F18-18FC-4DA5-92D7-9C2968A1B747}.Release|Any CPU.ActiveCfg = Release|Any CPU
		{47F32F18-18FC-4DA5-92D7-9C2968A1B747}.Release|Any CPU.Build.0 = Release|Any CPU
		{47F32F18-18FC-4DA5-92D7-9C2968A1B747}.Release|ARM.ActiveCfg = Release|ARM
		{47F32F18-18FC-4DA5-92D7-9C2968A1B747}.Release|ARM.Build.0 = Release|ARM
		{47F32F18-18FC-4DA5-92D7-9C2968A1B747}.Release|x64.ActiveCfg = Release|x64
		{47F32F18-18FC-4DA5-92D7-9C2968A1B747}.Release|x64.Build.0 = Release|x64
		{47F32F18-18FC-4DA5-92D7-9C2968A1B747}.Release|x86.ActiveCfg = Release|x86
		{47F32F18-18FC-4DA5-92D7-9C2968A1B747}.Release|x86.Build.0 = Release|x86
		{F0E27FB2-CC37-4456-964B-40A0F93500D4}.Debug|Any CPU.ActiveCfg = Debug|Any CPU
		{F0E27FB2-CC37-4456-964B-40A0F93500D4}.Debug|Any CPU.Build.0 = Debug|Any CPU
		{F0E27FB2-CC37-4456-964B-40A0F93500D4}.Debug|ARM.ActiveCfg = Debug|ARM
		{F0E27FB2-CC37-4456-964B-40A0F93500D4}.Debug|ARM.Build.0 = Debug|ARM
		{F0E27FB2-CC37-4456-964B-40A0F93500D4}.Debug|x64.ActiveCfg = Debug|Any CPU
		{F0E27FB2-CC37-4456-964B-40A0F93500D4}.Debug|x86.ActiveCfg = Debug|x86
		{F0E27FB2-CC37-4456-964B-40A0F93500D4}.Debug|x86.Build.0 = Debug|x86
		{F0E27FB2-CC37-4456-964B-40A0F93500D4}.Release|Any CPU.ActiveCfg = Release|Any CPU
		{F0E27FB2-CC37-4456-964B-40A0F93500D4}.Release|Any CPU.Build.0 = Release|Any CPU
		{F0E27FB2-CC37-4456-964B-40A0F93500D4}.Release|ARM.ActiveCfg = Release|ARM
		{F0E27FB2-CC37-4456-964B-40A0F93500D4}.Release|ARM.Build.0 = Release|ARM
		{F0E27FB2-CC37-4456-964B-40A0F93500D4}.Release|x64.ActiveCfg = Release|Any CPU
		{F0E27FB2-CC37-4456-964B-40A0F93500D4}.Release|x86.ActiveCfg = Release|x86
		{F0E27FB2-CC37-4456-964B-40A0F93500D4}.Release|x86.Build.0 = Release|x86
		{CD06A259-7AFF-42A3-AADE-C896A4E423D1}.Debug|Any CPU.ActiveCfg = Debug|Any CPU
		{CD06A259-7AFF-42A3-AADE-C896A4E423D1}.Debug|Any CPU.Build.0 = Debug|Any CPU
		{CD06A259-7AFF-42A3-AADE-C896A4E423D1}.Debug|ARM.ActiveCfg = Debug|Any CPU
		{CD06A259-7AFF-42A3-AADE-C896A4E423D1}.Debug|x64.ActiveCfg = Debug|Any CPU
		{CD06A259-7AFF-42A3-AADE-C896A4E423D1}.Debug|x86.ActiveCfg = Debug|Any CPU
		{CD06A259-7AFF-42A3-AADE-C896A4E423D1}.Release|Any CPU.ActiveCfg = Release|Any CPU
		{CD06A259-7AFF-42A3-AADE-C896A4E423D1}.Release|Any CPU.Build.0 = Release|Any CPU
		{CD06A259-7AFF-42A3-AADE-C896A4E423D1}.Release|ARM.ActiveCfg = Release|Any CPU
		{CD06A259-7AFF-42A3-AADE-C896A4E423D1}.Release|x64.ActiveCfg = Release|Any CPU
		{CD06A259-7AFF-42A3-AADE-C896A4E423D1}.Release|x86.ActiveCfg = Release|Any CPU
		{C173B00A-94B2-4F30-8319-5BA5CE1B5C2A}.Debug|Any CPU.ActiveCfg = Debug|Any CPU
		{C173B00A-94B2-4F30-8319-5BA5CE1B5C2A}.Debug|Any CPU.Build.0 = Debug|Any CPU
		{C173B00A-94B2-4F30-8319-5BA5CE1B5C2A}.Debug|ARM.ActiveCfg = Debug|Any CPU
		{C173B00A-94B2-4F30-8319-5BA5CE1B5C2A}.Debug|x64.ActiveCfg = Debug|Any CPU
		{C173B00A-94B2-4F30-8319-5BA5CE1B5C2A}.Debug|x86.ActiveCfg = Debug|Any CPU
		{C173B00A-94B2-4F30-8319-5BA5CE1B5C2A}.Release|Any CPU.ActiveCfg = Release|Any CPU
		{C173B00A-94B2-4F30-8319-5BA5CE1B5C2A}.Release|Any CPU.Build.0 = Release|Any CPU
		{C173B00A-94B2-4F30-8319-5BA5CE1B5C2A}.Release|ARM.ActiveCfg = Release|Any CPU
		{C173B00A-94B2-4F30-8319-5BA5CE1B5C2A}.Release|x64.ActiveCfg = Release|Any CPU
		{C173B00A-94B2-4F30-8319-5BA5CE1B5C2A}.Release|x86.ActiveCfg = Release|Any CPU
		{855404C8-E74D-41E7-B0BE-80DFFD09018A}.Debug|Any CPU.ActiveCfg = Debug|Any CPU
		{855404C8-E74D-41E7-B0BE-80DFFD09018A}.Debug|Any CPU.Build.0 = Debug|Any CPU
		{855404C8-E74D-41E7-B0BE-80DFFD09018A}.Debug|ARM.ActiveCfg = Debug|Any CPU
		{855404C8-E74D-41E7-B0BE-80DFFD09018A}.Debug|x64.ActiveCfg = Debug|Any CPU
		{855404C8-E74D-41E7-B0BE-80DFFD09018A}.Debug|x86.ActiveCfg = Debug|Any CPU
		{855404C8-E74D-41E7-B0BE-80DFFD09018A}.Release|Any CPU.ActiveCfg = Release|Any CPU
		{855404C8-E74D-41E7-B0BE-80DFFD09018A}.Release|Any CPU.Build.0 = Release|Any CPU
		{855404C8-E74D-41E7-B0BE-80DFFD09018A}.Release|ARM.ActiveCfg = Release|Any CPU
		{855404C8-E74D-41E7-B0BE-80DFFD09018A}.Release|x64.ActiveCfg = Release|Any CPU
		{855404C8-E74D-41E7-B0BE-80DFFD09018A}.Release|x86.ActiveCfg = Release|Any CPU
		{2448C6F5-B6D2-42C8-B4CA-0B8BF896B746}.Debug|Any CPU.ActiveCfg = Debug|Any CPU
		{2448C6F5-B6D2-42C8-B4CA-0B8BF896B746}.Debug|Any CPU.Build.0 = Debug|Any CPU
		{2448C6F5-B6D2-42C8-B4CA-0B8BF896B746}.Debug|ARM.ActiveCfg = Debug|ARM
		{2448C6F5-B6D2-42C8-B4CA-0B8BF896B746}.Debug|ARM.Build.0 = Debug|ARM
		{2448C6F5-B6D2-42C8-B4CA-0B8BF896B746}.Debug|ARM.Deploy.0 = Debug|ARM
		{2448C6F5-B6D2-42C8-B4CA-0B8BF896B746}.Debug|x64.ActiveCfg = Debug|Any CPU
		{2448C6F5-B6D2-42C8-B4CA-0B8BF896B746}.Debug|x86.ActiveCfg = Debug|x86
		{2448C6F5-B6D2-42C8-B4CA-0B8BF896B746}.Debug|x86.Build.0 = Debug|x86
		{2448C6F5-B6D2-42C8-B4CA-0B8BF896B746}.Debug|x86.Deploy.0 = Debug|x86
		{2448C6F5-B6D2-42C8-B4CA-0B8BF896B746}.Release|Any CPU.ActiveCfg = Release|Any CPU
		{2448C6F5-B6D2-42C8-B4CA-0B8BF896B746}.Release|Any CPU.Build.0 = Release|Any CPU
		{2448C6F5-B6D2-42C8-B4CA-0B8BF896B746}.Release|Any CPU.Deploy.0 = Release|Any CPU
		{2448C6F5-B6D2-42C8-B4CA-0B8BF896B746}.Release|ARM.ActiveCfg = Release|ARM
		{2448C6F5-B6D2-42C8-B4CA-0B8BF896B746}.Release|ARM.Build.0 = Release|ARM
		{2448C6F5-B6D2-42C8-B4CA-0B8BF896B746}.Release|ARM.Deploy.0 = Release|ARM
		{2448C6F5-B6D2-42C8-B4CA-0B8BF896B746}.Release|x64.ActiveCfg = Release|Any CPU
		{2448C6F5-B6D2-42C8-B4CA-0B8BF896B746}.Release|x86.ActiveCfg = Release|x86
		{2448C6F5-B6D2-42C8-B4CA-0B8BF896B746}.Release|x86.Build.0 = Release|x86
		{2448C6F5-B6D2-42C8-B4CA-0B8BF896B746}.Release|x86.Deploy.0 = Release|x86
		{9D5DBA6B-1D26-4BFD-B60A-425983DBC446}.Debug|Any CPU.ActiveCfg = Debug|Any CPU
		{9D5DBA6B-1D26-4BFD-B60A-425983DBC446}.Debug|Any CPU.Build.0 = Debug|Any CPU
		{9D5DBA6B-1D26-4BFD-B60A-425983DBC446}.Debug|ARM.ActiveCfg = Debug|Any CPU
		{9D5DBA6B-1D26-4BFD-B60A-425983DBC446}.Debug|x64.ActiveCfg = Debug|Any CPU
		{9D5DBA6B-1D26-4BFD-B60A-425983DBC446}.Debug|x86.ActiveCfg = Debug|Any CPU
		{9D5DBA6B-1D26-4BFD-B60A-425983DBC446}.Release|Any CPU.ActiveCfg = Release|Any CPU
		{9D5DBA6B-1D26-4BFD-B60A-425983DBC446}.Release|Any CPU.Build.0 = Release|Any CPU
		{9D5DBA6B-1D26-4BFD-B60A-425983DBC446}.Release|ARM.ActiveCfg = Release|Any CPU
		{9D5DBA6B-1D26-4BFD-B60A-425983DBC446}.Release|x64.ActiveCfg = Release|Any CPU
		{9D5DBA6B-1D26-4BFD-B60A-425983DBC446}.Release|x86.ActiveCfg = Release|Any CPU
		{FB1C5BE7-F50C-4A6E-9DC7-EB0F52CB0E56}.Debug|Any CPU.ActiveCfg = Debug|Any CPU
		{FB1C5BE7-F50C-4A6E-9DC7-EB0F52CB0E56}.Debug|Any CPU.Build.0 = Debug|Any CPU
		{FB1C5BE7-F50C-4A6E-9DC7-EB0F52CB0E56}.Debug|Any CPU.Deploy.0 = Debug|Any CPU
		{FB1C5BE7-F50C-4A6E-9DC7-EB0F52CB0E56}.Debug|ARM.ActiveCfg = Debug|ARM
		{FB1C5BE7-F50C-4A6E-9DC7-EB0F52CB0E56}.Debug|ARM.Build.0 = Debug|ARM
		{FB1C5BE7-F50C-4A6E-9DC7-EB0F52CB0E56}.Debug|ARM.Deploy.0 = Debug|ARM
		{FB1C5BE7-F50C-4A6E-9DC7-EB0F52CB0E56}.Debug|x64.ActiveCfg = Debug|Any CPU
		{FB1C5BE7-F50C-4A6E-9DC7-EB0F52CB0E56}.Debug|x86.ActiveCfg = Debug|x86
		{FB1C5BE7-F50C-4A6E-9DC7-EB0F52CB0E56}.Debug|x86.Build.0 = Debug|x86
		{FB1C5BE7-F50C-4A6E-9DC7-EB0F52CB0E56}.Debug|x86.Deploy.0 = Debug|x86
		{FB1C5BE7-F50C-4A6E-9DC7-EB0F52CB0E56}.Release|Any CPU.ActiveCfg = Release|Any CPU
		{FB1C5BE7-F50C-4A6E-9DC7-EB0F52CB0E56}.Release|Any CPU.Build.0 = Release|Any CPU
		{FB1C5BE7-F50C-4A6E-9DC7-EB0F52CB0E56}.Release|Any CPU.Deploy.0 = Release|Any CPU
		{FB1C5BE7-F50C-4A6E-9DC7-EB0F52CB0E56}.Release|ARM.ActiveCfg = Release|ARM
		{FB1C5BE7-F50C-4A6E-9DC7-EB0F52CB0E56}.Release|ARM.Build.0 = Release|ARM
		{FB1C5BE7-F50C-4A6E-9DC7-EB0F52CB0E56}.Release|ARM.Deploy.0 = Release|ARM
		{FB1C5BE7-F50C-4A6E-9DC7-EB0F52CB0E56}.Release|x64.ActiveCfg = Release|Any CPU
		{FB1C5BE7-F50C-4A6E-9DC7-EB0F52CB0E56}.Release|x86.ActiveCfg = Release|x86
		{FB1C5BE7-F50C-4A6E-9DC7-EB0F52CB0E56}.Release|x86.Build.0 = Release|x86
		{FB1C5BE7-F50C-4A6E-9DC7-EB0F52CB0E56}.Release|x86.Deploy.0 = Release|x86
		{CDBAFB1E-495F-4C02-9ECC-EC2DBEDEDB09}.Debug|Any CPU.ActiveCfg = Debug|Any CPU
		{CDBAFB1E-495F-4C02-9ECC-EC2DBEDEDB09}.Debug|Any CPU.Build.0 = Debug|Any CPU
		{CDBAFB1E-495F-4C02-9ECC-EC2DBEDEDB09}.Debug|ARM.ActiveCfg = Debug|Any CPU
		{CDBAFB1E-495F-4C02-9ECC-EC2DBEDEDB09}.Debug|x64.ActiveCfg = Debug|Any CPU
		{CDBAFB1E-495F-4C02-9ECC-EC2DBEDEDB09}.Debug|x86.ActiveCfg = Debug|Any CPU
		{CDBAFB1E-495F-4C02-9ECC-EC2DBEDEDB09}.Release|Any CPU.ActiveCfg = Release|Any CPU
		{CDBAFB1E-495F-4C02-9ECC-EC2DBEDEDB09}.Release|Any CPU.Build.0 = Release|Any CPU
		{CDBAFB1E-495F-4C02-9ECC-EC2DBEDEDB09}.Release|ARM.ActiveCfg = Release|Any CPU
		{CDBAFB1E-495F-4C02-9ECC-EC2DBEDEDB09}.Release|x64.ActiveCfg = Release|Any CPU
		{CDBAFB1E-495F-4C02-9ECC-EC2DBEDEDB09}.Release|x86.ActiveCfg = Release|Any CPU
		{BA0870CA-906D-4BE1-B0C4-DD9633FE6996}.Debug|Any CPU.ActiveCfg = Debug|Any CPU
		{BA0870CA-906D-4BE1-B0C4-DD9633FE6996}.Debug|Any CPU.Build.0 = Debug|Any CPU
		{BA0870CA-906D-4BE1-B0C4-DD9633FE6996}.Debug|ARM.ActiveCfg = Debug|Any CPU
		{BA0870CA-906D-4BE1-B0C4-DD9633FE6996}.Debug|x64.ActiveCfg = Debug|Any CPU
		{BA0870CA-906D-4BE1-B0C4-DD9633FE6996}.Debug|x86.ActiveCfg = Debug|Any CPU
		{BA0870CA-906D-4BE1-B0C4-DD9633FE6996}.Release|Any CPU.ActiveCfg = Release|Any CPU
		{BA0870CA-906D-4BE1-B0C4-DD9633FE6996}.Release|Any CPU.Build.0 = Release|Any CPU
		{BA0870CA-906D-4BE1-B0C4-DD9633FE6996}.Release|ARM.ActiveCfg = Release|Any CPU
		{BA0870CA-906D-4BE1-B0C4-DD9633FE6996}.Release|x64.ActiveCfg = Release|Any CPU
		{BA0870CA-906D-4BE1-B0C4-DD9633FE6996}.Release|x86.ActiveCfg = Release|Any CPU
		{4884AC83-CA37-4F08-AA72-465E5162218A}.Debug|Any CPU.ActiveCfg = Debug|Any CPU
		{4884AC83-CA37-4F08-AA72-465E5162218A}.Debug|Any CPU.Build.0 = Debug|Any CPU
		{4884AC83-CA37-4F08-AA72-465E5162218A}.Debug|ARM.ActiveCfg = Debug|Any CPU
		{4884AC83-CA37-4F08-AA72-465E5162218A}.Debug|x64.ActiveCfg = Debug|Any CPU
		{4884AC83-CA37-4F08-AA72-465E5162218A}.Debug|x86.ActiveCfg = Debug|Any CPU
		{4884AC83-CA37-4F08-AA72-465E5162218A}.Release|Any CPU.ActiveCfg = Release|Any CPU
		{4884AC83-CA37-4F08-AA72-465E5162218A}.Release|Any CPU.Build.0 = Release|Any CPU
		{4884AC83-CA37-4F08-AA72-465E5162218A}.Release|ARM.ActiveCfg = Release|Any CPU
		{4884AC83-CA37-4F08-AA72-465E5162218A}.Release|x64.ActiveCfg = Release|Any CPU
		{4884AC83-CA37-4F08-AA72-465E5162218A}.Release|x86.ActiveCfg = Release|Any CPU
		{D852DCDD-B54B-499F-8DEC-EC35BA7BA57E}.Debug|Any CPU.ActiveCfg = Debug|Any CPU
		{D852DCDD-B54B-499F-8DEC-EC35BA7BA57E}.Debug|Any CPU.Build.0 = Debug|Any CPU
		{D852DCDD-B54B-499F-8DEC-EC35BA7BA57E}.Debug|Any CPU.Deploy.0 = Debug|Any CPU
		{D852DCDD-B54B-499F-8DEC-EC35BA7BA57E}.Debug|ARM.ActiveCfg = Debug|ARM
		{D852DCDD-B54B-499F-8DEC-EC35BA7BA57E}.Debug|ARM.Build.0 = Debug|ARM
		{D852DCDD-B54B-499F-8DEC-EC35BA7BA57E}.Debug|ARM.Deploy.0 = Debug|ARM
		{D852DCDD-B54B-499F-8DEC-EC35BA7BA57E}.Debug|x64.ActiveCfg = Debug|x64
		{D852DCDD-B54B-499F-8DEC-EC35BA7BA57E}.Debug|x64.Build.0 = Debug|x64
		{D852DCDD-B54B-499F-8DEC-EC35BA7BA57E}.Debug|x64.Deploy.0 = Debug|x64
		{D852DCDD-B54B-499F-8DEC-EC35BA7BA57E}.Debug|x86.ActiveCfg = Debug|x86
		{D852DCDD-B54B-499F-8DEC-EC35BA7BA57E}.Debug|x86.Build.0 = Debug|x86
		{D852DCDD-B54B-499F-8DEC-EC35BA7BA57E}.Debug|x86.Deploy.0 = Debug|x86
		{D852DCDD-B54B-499F-8DEC-EC35BA7BA57E}.Release|Any CPU.ActiveCfg = Release|Any CPU
		{D852DCDD-B54B-499F-8DEC-EC35BA7BA57E}.Release|Any CPU.Build.0 = Release|Any CPU
		{D852DCDD-B54B-499F-8DEC-EC35BA7BA57E}.Release|Any CPU.Deploy.0 = Release|Any CPU
		{D852DCDD-B54B-499F-8DEC-EC35BA7BA57E}.Release|ARM.ActiveCfg = Release|ARM
		{D852DCDD-B54B-499F-8DEC-EC35BA7BA57E}.Release|ARM.Build.0 = Release|ARM
		{D852DCDD-B54B-499F-8DEC-EC35BA7BA57E}.Release|ARM.Deploy.0 = Release|ARM
		{D852DCDD-B54B-499F-8DEC-EC35BA7BA57E}.Release|x64.ActiveCfg = Release|x64
		{D852DCDD-B54B-499F-8DEC-EC35BA7BA57E}.Release|x64.Build.0 = Release|x64
		{D852DCDD-B54B-499F-8DEC-EC35BA7BA57E}.Release|x64.Deploy.0 = Release|x64
		{D852DCDD-B54B-499F-8DEC-EC35BA7BA57E}.Release|x86.ActiveCfg = Release|x86
		{D852DCDD-B54B-499F-8DEC-EC35BA7BA57E}.Release|x86.Build.0 = Release|x86
		{D852DCDD-B54B-499F-8DEC-EC35BA7BA57E}.Release|x86.Deploy.0 = Release|x86
		{EB1D7A06-844C-4DF1-AF76-73FD66EA4FAA}.Debug|Any CPU.ActiveCfg = Debug|Any CPU
		{EB1D7A06-844C-4DF1-AF76-73FD66EA4FAA}.Debug|Any CPU.Build.0 = Debug|Any CPU
		{EB1D7A06-844C-4DF1-AF76-73FD66EA4FAA}.Debug|Any CPU.Deploy.0 = Debug|Any CPU
		{EB1D7A06-844C-4DF1-AF76-73FD66EA4FAA}.Debug|ARM.ActiveCfg = Debug|ARM
		{EB1D7A06-844C-4DF1-AF76-73FD66EA4FAA}.Debug|ARM.Build.0 = Debug|ARM
		{EB1D7A06-844C-4DF1-AF76-73FD66EA4FAA}.Debug|ARM.Deploy.0 = Debug|ARM
		{EB1D7A06-844C-4DF1-AF76-73FD66EA4FAA}.Debug|x64.ActiveCfg = Debug|x64
		{EB1D7A06-844C-4DF1-AF76-73FD66EA4FAA}.Debug|x64.Build.0 = Debug|x64
		{EB1D7A06-844C-4DF1-AF76-73FD66EA4FAA}.Debug|x64.Deploy.0 = Debug|x64
		{EB1D7A06-844C-4DF1-AF76-73FD66EA4FAA}.Debug|x86.ActiveCfg = Debug|x86
		{EB1D7A06-844C-4DF1-AF76-73FD66EA4FAA}.Debug|x86.Build.0 = Debug|x86
		{EB1D7A06-844C-4DF1-AF76-73FD66EA4FAA}.Debug|x86.Deploy.0 = Debug|x86
		{EB1D7A06-844C-4DF1-AF76-73FD66EA4FAA}.Release|Any CPU.ActiveCfg = Release|Any CPU
		{EB1D7A06-844C-4DF1-AF76-73FD66EA4FAA}.Release|Any CPU.Build.0 = Release|Any CPU
		{EB1D7A06-844C-4DF1-AF76-73FD66EA4FAA}.Release|Any CPU.Deploy.0 = Release|Any CPU
		{EB1D7A06-844C-4DF1-AF76-73FD66EA4FAA}.Release|ARM.ActiveCfg = Release|ARM
		{EB1D7A06-844C-4DF1-AF76-73FD66EA4FAA}.Release|ARM.Build.0 = Release|ARM
		{EB1D7A06-844C-4DF1-AF76-73FD66EA4FAA}.Release|ARM.Deploy.0 = Release|ARM
		{EB1D7A06-844C-4DF1-AF76-73FD66EA4FAA}.Release|x64.ActiveCfg = Release|x64
		{EB1D7A06-844C-4DF1-AF76-73FD66EA4FAA}.Release|x64.Build.0 = Release|x64
		{EB1D7A06-844C-4DF1-AF76-73FD66EA4FAA}.Release|x64.Deploy.0 = Release|x64
		{EB1D7A06-844C-4DF1-AF76-73FD66EA4FAA}.Release|x86.ActiveCfg = Release|x86
		{EB1D7A06-844C-4DF1-AF76-73FD66EA4FAA}.Release|x86.Build.0 = Release|x86
		{EB1D7A06-844C-4DF1-AF76-73FD66EA4FAA}.Release|x86.Deploy.0 = Release|x86
		{00FCB742-A5B0-4CFD-A008-D98FF6A3ECC5}.Debug|Any CPU.ActiveCfg = Debug|Any CPU
		{00FCB742-A5B0-4CFD-A008-D98FF6A3ECC5}.Debug|Any CPU.Build.0 = Debug|Any CPU
		{00FCB742-A5B0-4CFD-A008-D98FF6A3ECC5}.Debug|Any CPU.Deploy.0 = Debug|Any CPU
		{00FCB742-A5B0-4CFD-A008-D98FF6A3ECC5}.Debug|ARM.ActiveCfg = Debug|ARM
		{00FCB742-A5B0-4CFD-A008-D98FF6A3ECC5}.Debug|ARM.Build.0 = Debug|ARM
		{00FCB742-A5B0-4CFD-A008-D98FF6A3ECC5}.Debug|ARM.Deploy.0 = Debug|ARM
		{00FCB742-A5B0-4CFD-A008-D98FF6A3ECC5}.Debug|x64.ActiveCfg = Debug|Any CPU
		{00FCB742-A5B0-4CFD-A008-D98FF6A3ECC5}.Debug|x86.ActiveCfg = Debug|x86
		{00FCB742-A5B0-4CFD-A008-D98FF6A3ECC5}.Debug|x86.Build.0 = Debug|x86
		{00FCB742-A5B0-4CFD-A008-D98FF6A3ECC5}.Debug|x86.Deploy.0 = Debug|x86
		{00FCB742-A5B0-4CFD-A008-D98FF6A3ECC5}.Release|Any CPU.ActiveCfg = Release|Any CPU
		{00FCB742-A5B0-4CFD-A008-D98FF6A3ECC5}.Release|Any CPU.Build.0 = Release|Any CPU
		{00FCB742-A5B0-4CFD-A008-D98FF6A3ECC5}.Release|Any CPU.Deploy.0 = Release|Any CPU
		{00FCB742-A5B0-4CFD-A008-D98FF6A3ECC5}.Release|ARM.ActiveCfg = Release|ARM
		{00FCB742-A5B0-4CFD-A008-D98FF6A3ECC5}.Release|ARM.Build.0 = Release|ARM
		{00FCB742-A5B0-4CFD-A008-D98FF6A3ECC5}.Release|ARM.Deploy.0 = Release|ARM
		{00FCB742-A5B0-4CFD-A008-D98FF6A3ECC5}.Release|x64.ActiveCfg = Release|Any CPU
		{00FCB742-A5B0-4CFD-A008-D98FF6A3ECC5}.Release|x86.ActiveCfg = Release|x86
		{00FCB742-A5B0-4CFD-A008-D98FF6A3ECC5}.Release|x86.Build.0 = Release|x86
		{00FCB742-A5B0-4CFD-A008-D98FF6A3ECC5}.Release|x86.Deploy.0 = Release|x86
		{DBF23AF7-495D-46A7-BD1C-CCEAE1C4BE76}.Debug|Any CPU.ActiveCfg = Debug|Any CPU
		{DBF23AF7-495D-46A7-BD1C-CCEAE1C4BE76}.Debug|Any CPU.Build.0 = Debug|Any CPU
		{DBF23AF7-495D-46A7-BD1C-CCEAE1C4BE76}.Debug|ARM.ActiveCfg = Debug|Any CPU
		{DBF23AF7-495D-46A7-BD1C-CCEAE1C4BE76}.Debug|x64.ActiveCfg = Debug|Any CPU
		{DBF23AF7-495D-46A7-BD1C-CCEAE1C4BE76}.Debug|x86.ActiveCfg = Debug|Any CPU
		{DBF23AF7-495D-46A7-BD1C-CCEAE1C4BE76}.Release|Any CPU.ActiveCfg = Release|Any CPU
		{DBF23AF7-495D-46A7-BD1C-CCEAE1C4BE76}.Release|Any CPU.Build.0 = Release|Any CPU
		{DBF23AF7-495D-46A7-BD1C-CCEAE1C4BE76}.Release|ARM.ActiveCfg = Release|Any CPU
		{DBF23AF7-495D-46A7-BD1C-CCEAE1C4BE76}.Release|x64.ActiveCfg = Release|Any CPU
		{DBF23AF7-495D-46A7-BD1C-CCEAE1C4BE76}.Release|x86.ActiveCfg = Release|Any CPU
	EndGlobalSection
	GlobalSection(SolutionProperties) = preSolution
		HideSolutionNode = FALSE
	EndGlobalSection
	GlobalSection(NestedProjects) = preSolution
		{2448C6F5-B6D2-42C8-B4CA-0B8BF896B746} = {526CD474-49B3-4FDE-83F9-00FD2C612C44}
		{9D5DBA6B-1D26-4BFD-B60A-425983DBC446} = {526CD474-49B3-4FDE-83F9-00FD2C612C44}
		{FB1C5BE7-F50C-4A6E-9DC7-EB0F52CB0E56} = {CE0BF35B-2667-4886-91EA-92FEE9EE0200}
		{CDBAFB1E-495F-4C02-9ECC-EC2DBEDEDB09} = {CE0BF35B-2667-4886-91EA-92FEE9EE0200}
		{4884AC83-CA37-4F08-AA72-465E5162218A} = {526CD474-49B3-4FDE-83F9-00FD2C612C44}
		{D852DCDD-B54B-499F-8DEC-EC35BA7BA57E} = {526CD474-49B3-4FDE-83F9-00FD2C612C44}
		{4D791E8A-5327-430C-AE20-3BE2AE366D63} = {526CD474-49B3-4FDE-83F9-00FD2C612C44}
		{9D1CCF7B-3D1F-42EA-8408-0B87906083E9} = {4D791E8A-5327-430C-AE20-3BE2AE366D63}
		{EB1D7A06-844C-4DF1-AF76-73FD66EA4FAA} = {4D791E8A-5327-430C-AE20-3BE2AE366D63}
		{00FCB742-A5B0-4CFD-A008-D98FF6A3ECC5} = {4D791E8A-5327-430C-AE20-3BE2AE366D63}
	EndGlobalSection
EndGlobal
